github.com/anishathalye/porcupine v1.0.3 h1:0V+ZTHPjWUhYhiVaksoBFKfmBvoJrM3BXLQKGqPqiHM=
github.com/anishathalye/porcupine v1.0.3/go.mod h1:WM0SsFjWNl2Y4BqHr/E/ll2yY1GY1jqn+W7Z/84Zoog=
pgregory.net/rapid v1.2.0 h1:keKAYRcjm+e1F0oAuU5F5+YPAWcyxNNRK2wud503Gnk=
pgregory.net/rapid v1.2.0/go.mod h1:PY5XlDGj0+V1FCq0o192FdRhpKHGTRIWBgqjDBTrq04=
